
Microsoft Visual Studio Solution File, Format Version 12.00
# Visual Studio Version 16
VisualStudioVersion = 16.0.31727.386
MinimumVisualStudioVersion = 10.0.40219.1
Project("{FAE04EC0-301F-11D3-BF4B-00C04F79EFBC}") = "eShop.API", "eShop.API\eShop.API.csproj", "{85E916E4-F625-4D12-B520-DEF6C59E3AEA}"
EndProject
Project("{FAE04EC0-301F-11D3-BF4B-00C04F79EFBC}") = "eShop.Services", "eShop.Services\eShop.Services.csproj", "{495270D9-B943-46CE-B405-3EBF9677F5C7}"
EndProject
Project("{FAE04EC0-301F-11D3-BF4B-00C04F79EFBC}") = "eShop.Repositories", "eShop.Repositories\eShop.Repositories.csproj", "{7B13A537-412D-4C2A-B1B0-F56E9BBE3153}"
EndProject
Project("{FAE04EC0-301F-11D3-BF4B-00C04F79EFBC}") = "eShop.Models", "eShop.Models\eShop.Models.csproj", "{9EEB048E-2257-47F4-A785-7214539D0DFC}"
EndProject
Project("{FAE04EC0-301F-11D3-BF4B-00C04F79EFBC}") = "eShop.Entities", "eShop.Entities\eShop.Entities.csproj", "{A1BFB60C-76B5-4835-B64E-2E5ECCCB2D70}"
EndProject
Global
	GlobalSection(SolutionConfigurationPlatforms) = preSolution
		Debug|Any CPU = Debug|Any CPU
		Release|Any CPU = Release|Any CPU
	EndGlobalSection
	GlobalSection(ProjectConfigurationPlatforms) = postSolution
		{85E916E4-F625-4D12-B520-DEF6C59E3AEA}.Debug|Any CPU.ActiveCfg = Debug|Any CPU
		{85E916E4-F625-4D12-B520-DEF6C59E3AEA}.Debug|Any CPU.Build.0 = Debug|Any CPU
		{85E916E4-F625-4D12-B520-DEF6C59E3AEA}.Release|Any CPU.ActiveCfg = Release|Any CPU
		{85E916E4-F625-4D12-B520-DEF6C59E3AEA}.Release|Any CPU.Build.0 = Release|Any CPU
		{495270D9-B943-46CE-B405-3EBF9677F5C7}.Debug|Any CPU.ActiveCfg = Debug|Any CPU
		{495270D9-B943-46CE-B405-3EBF9677F5C7}.Debug|Any CPU.Build.0 = Debug|Any CPU
		{495270D9-B943-46CE-B405-3EBF9677F5C7}.Release|Any CPU.ActiveCfg = Release|Any CPU
		{495270D9-B943-46CE-B405-3EBF9677F5C7}.Release|Any CPU.Build.0 = Release|Any CPU
		{7B13A537-412D-4C2A-B1B0-F56E9BBE3153}.Debug|Any CPU.ActiveCfg = Debug|Any CPU
		{7B13A537-412D-4C2A-B1B0-F56E9BBE3153}.Debug|Any CPU.Build.0 = Debug|Any CPU
		{7B13A537-412D-4C2A-B1B0-F56E9BBE3153}.Release|Any CPU.ActiveCfg = Release|Any CPU
		{7B13A537-412D-4C2A-B1B0-F56E9BBE3153}.Release|Any CPU.Build.0 = Release|Any CPU
		{9EEB048E-2257-47F4-A785-7214539D0DFC}.Debug|Any CPU.ActiveCfg = Debug|Any CPU
		{9EEB048E-2257-47F4-A785-7214539D0DFC}.Debug|Any CPU.Build.0 = Debug|Any CPU
		{9EEB048E-2257-47F4-A785-7214539D0DFC}.Release|Any CPU.ActiveCfg = Release|Any CPU
		{9EEB048E-2257-47F4-A785-7214539D0DFC}.Release|Any CPU.Build.0 = Release|Any CPU
		{A1BFB60C-76B5-4835-B64E-2E5ECCCB2D70}.Debug|Any CPU.ActiveCfg = Debug|Any CPU
		{A1BFB60C-76B5-4835-B64E-2E5ECCCB2D70}.Debug|Any CPU.Build.0 = Debug|Any CPU
		{A1BFB60C-76B5-4835-B64E-2E5ECCCB2D70}.Release|Any CPU.ActiveCfg = Release|Any CPU
		{A1BFB60C-76B5-4835-B64E-2E5ECCCB2D70}.Release|Any CPU.Build.0 = Release|Any CPU
	EndGlobalSection
	GlobalSection(SolutionProperties) = preSolution
		HideSolutionNode = FALSE
	EndGlobalSection
	GlobalSection(ExtensibilityGlobals) = postSolution
		SolutionGuid = {B7447512-C3F0-4946-98B5-2F6235147D8C}
	EndGlobalSection
EndGlobal
